
Microsoft Visual Studio Solution File, Format Version 12.00
# Visual Studio Version 16
VisualStudioVersion = 25.0.1703.1
MinimumVisualStudioVersion = 10.0.40219.1
Project("{FAE04EC0-301F-11D3-BF4B-00C04F79EFBC}") = "SeleniumFramework", "SeleniumFramework.csproj", "{6F213B87-8EC8-4A79-B38B-F03756D09766}"
EndProject
Global
	GlobalSection(SolutionConfigurationPlatforms) = preSolution
		Debug|Any CPU = Debug|Any CPU
		Release|Any CPU = Release|Any CPU
	EndGlobalSection
	GlobalSection(ProjectConfigurationPlatforms) = postSolution
		{6F213B87-8EC8-4A79-B38B-F03756D09766}.Debug|Any CPU.ActiveCfg = Debug|Any CPU
		{6F213B87-8EC8-4A79-B38B-F03756D09766}.Debug|Any CPU.Build.0 = Debug|Any CPU
		{6F213B87-8EC8-4A79-B38B-F03756D09766}.Release|Any CPU.ActiveCfg = Release|Any CPU
		{6F213B87-8EC8-4A79-B38B-F03756D09766}.Release|Any CPU.Build.0 = Release|Any CPU
	EndGlobalSection
	GlobalSection(SolutionProperties) = preSolution
		HideSolutionNode = FALSE
	EndGlobalSection
	GlobalSection(ExtensibilityGlobals) = postSolution
		SolutionGuid = {C0933CF2-BDBE-46F7-A070-9BCDD238DEFB}
	EndGlobalSection
EndGlobal
